{
  "name": "@sasjs/fileuploader",
  "version": "1.0.0",
  "lockfileVersion": 2,
  "requires": true,
  "packages": {
    "": {
      "name": "@sasjs/fileuploader",
      "version": "1.0.0",
      "license": "ISC",
      "dependencies": {
        "@sasjs/core": "^1.11.0"
      }
    },
    "node_modules/@sasjs/core": {
      "version": "1.11.0",
      "resolved": "https://registry.npmjs.org/@sasjs/core/-/core-1.11.0.tgz",
      "integrity": "sha512-INDWIYKDsJ4+3iecpyvs7Y/QPupBJBt+P1yLRFaRO3o1wgP99DOJd8NdHvVuzZ6SO523Fb84fsBsIpQN2eWdlg=="
    }
  },
  "dependencies": {
    "@sasjs/core": {
      "version": "1.11.0",
      "resolved": "https://registry.npmjs.org/@sasjs/core/-/core-1.11.0.tgz",
      "integrity": "sha512-INDWIYKDsJ4+3iecpyvs7Y/QPupBJBt+P1yLRFaRO3o1wgP99DOJd8NdHvVuzZ6SO523Fb84fsBsIpQN2eWdlg=="
    }
  }
}
